
Microsoft Visual Studio Solution File, Format Version 12.00
# Visual Studio Version 17
VisualStudioVersion = 17.5.33530.505
MinimumVisualStudioVersion = 10.0.40219.1
Project("{FAE04EC0-301F-11D3-BF4B-00C04F79EFBC}") = "MVC_MakaleWeb", "MVC_MakaleWeb\MVC_MakaleWeb.csproj", "{62006EE8-FF35-4068-857A-CA4726490EAD}"
EndProject
Project("{FAE04EC0-301F-11D3-BF4B-00C04F79EFBC}") = "MakaleEntities", "MakaleEntities\MakaleEntities.csproj", "{2001EE9B-C254-459E-B07C-177BA23CB50C}"
EndProject
Project("{FAE04EC0-301F-11D3-BF4B-00C04F79EFBC}") = "MakaleDAL", "MakaleDAL\MakaleDAL.csproj", "{BE0E9A4E-004E-4227-AF30-93C28AE9DB1E}"
EndProject
Project("{FAE04EC0-301F-11D3-BF4B-00C04F79EFBC}") = "MakaleBLL", "MakaleBLL\MakaleBLL.csproj", "{3FCDFB90-2E45-4F19-AFD2-B6E320D3BB20}"
EndProject
Project("{FAE04EC0-301F-11D3-BF4B-00C04F79EFBC}") = "MakaleCommon", "MakaleCommon\MakaleCommon.csproj", "{C019D08A-2C34-469C-AC00-A3804864AFA2}"
EndProject
Global
	GlobalSection(SolutionConfigurationPlatforms) = preSolution
		Debug|Any CPU = Debug|Any CPU
		Release|Any CPU = Release|Any CPU
	EndGlobalSection
	GlobalSection(ProjectConfigurationPlatforms) = postSolution
		{62006EE8-FF35-4068-857A-CA4726490EAD}.Debug|Any CPU.ActiveCfg = Debug|Any CPU
		{62006EE8-FF35-4068-857A-CA4726490EAD}.Debug|Any CPU.Build.0 = Debug|Any CPU
		{62006EE8-FF35-4068-857A-CA4726490EAD}.Release|Any CPU.ActiveCfg = Release|Any CPU
		{62006EE8-FF35-4068-857A-CA4726490EAD}.Release|Any CPU.Build.0 = Release|Any CPU
		{2001EE9B-C254-459E-B07C-177BA23CB50C}.Debug|Any CPU.ActiveCfg = Debug|Any CPU
		{2001EE9B-C254-459E-B07C-177BA23CB50C}.Debug|Any CPU.Build.0 = Debug|Any CPU
		{2001EE9B-C254-459E-B07C-177BA23CB50C}.Release|Any CPU.ActiveCfg = Release|Any CPU
		{2001EE9B-C254-459E-B07C-177BA23CB50C}.Release|Any CPU.Build.0 = Release|Any CPU
		{BE0E9A4E-004E-4227-AF30-93C28AE9DB1E}.Debug|Any CPU.ActiveCfg = Debug|Any CPU
		{BE0E9A4E-004E-4227-AF30-93C28AE9DB1E}.Debug|Any CPU.Build.0 = Debug|Any CPU
		{BE0E9A4E-004E-4227-AF30-93C28AE9DB1E}.Release|Any CPU.ActiveCfg = Release|Any CPU
		{BE0E9A4E-004E-4227-AF30-93C28AE9DB1E}.Release|Any CPU.Build.0 = Release|Any CPU
		{3FCDFB90-2E45-4F19-AFD2-B6E320D3BB20}.Debug|Any CPU.ActiveCfg = Debug|Any CPU
		{3FCDFB90-2E45-4F19-AFD2-B6E320D3BB20}.Debug|Any CPU.Build.0 = Debug|Any CPU
		{3FCDFB90-2E45-4F19-AFD2-B6E320D3BB20}.Release|Any CPU.ActiveCfg = Release|Any CPU
		{3FCDFB90-2E45-4F19-AFD2-B6E320D3BB20}.Release|Any CPU.Build.0 = Release|Any CPU
		{C019D08A-2C34-469C-AC00-A3804864AFA2}.Debug|Any CPU.ActiveCfg = Debug|Any CPU
		{C019D08A-2C34-469C-AC00-A3804864AFA2}.Debug|Any CPU.Build.0 = Debug|Any CPU
		{C019D08A-2C34-469C-AC00-A3804864AFA2}.Release|Any CPU.ActiveCfg = Release|Any CPU
		{C019D08A-2C34-469C-AC00-A3804864AFA2}.Release|Any CPU.Build.0 = Release|Any CPU
	EndGlobalSection
	GlobalSection(SolutionProperties) = preSolution
		HideSolutionNode = FALSE
	EndGlobalSection
	GlobalSection(ExtensibilityGlobals) = postSolution
		SolutionGuid = {2947AD69-17CF-4EF7-AAEE-77A289BE1C76}
	EndGlobalSection
EndGlobal
